
Microsoft Visual Studio Solution File, Format Version 12.00
# Visual Studio Version 16
VisualStudioVersion = 16.0.30804.86
MinimumVisualStudioVersion = 10.0.40219.1
Project("{9A19103F-16F7-4668-BE54-9A1E7A4F7556}") = "StackExchangeRedisDemo", "StackExchangeRedisDemo.csproj", "{F3B13A72-FDD2-41E3-B02A-48336F7092CF}"
EndProject
Project("{FAE04EC0-301F-11D3-BF4B-00C04F79EFBC}") = "RedisSimplify", "..\RedisSimplify\RedisSimplify.csproj", "{CE5B4772-6081-451D-BA31-F21605FB114A}"
EndProject
Global
	GlobalSection(SolutionConfigurationPlatforms) = preSolution
		Debug|Any CPU = Debug|Any CPU
		Release|Any CPU = Release|Any CPU
	EndGlobalSection
	GlobalSection(ProjectConfigurationPlatforms) = postSolution
		{F3B13A72-FDD2-41E3-B02A-48336F7092CF}.Debug|Any CPU.ActiveCfg = Debug|Any CPU
		{F3B13A72-FDD2-41E3-B02A-48336F7092CF}.Debug|Any CPU.Build.0 = Debug|Any CPU
		{F3B13A72-FDD2-41E3-B02A-48336F7092CF}.Release|Any CPU.ActiveCfg = Release|Any CPU
		{F3B13A72-FDD2-41E3-B02A-48336F7092CF}.Release|Any CPU.Build.0 = Release|Any CPU
		{CE5B4772-6081-451D-BA31-F21605FB114A}.Debug|Any CPU.ActiveCfg = Debug|Any CPU
		{CE5B4772-6081-451D-BA31-F21605FB114A}.Debug|Any CPU.Build.0 = Debug|Any CPU
		{CE5B4772-6081-451D-BA31-F21605FB114A}.Release|Any CPU.ActiveCfg = Release|Any CPU
		{CE5B4772-6081-451D-BA31-F21605FB114A}.Release|Any CPU.Build.0 = Release|Any CPU
	EndGlobalSection
	GlobalSection(SolutionProperties) = preSolution
		HideSolutionNode = FALSE
	EndGlobalSection
	GlobalSection(ExtensibilityGlobals) = postSolution
		SolutionGuid = {49589FA9-83A3-44CC-8A06-A5CDE12DEBBE}
	EndGlobalSection
EndGlobal
